// !$*UTF8*$!
{
	archiveVersion = 1;
	classes = {
	};
	objectVersion = 48;
	objects = {

/* Begin PBXBuildFile section */
		CE98E04421AFA9AF00263CBF /* AppDelegate.m in Sources */ = {isa = PBXBuildFile; fileRef = CE98E04321AFA9AF00263CBF /* AppDelegate.m */; };
		CE98E04721AFA9AF00263CBF /* ViewController.m in Sources */ = {isa = PBXBuildFile; fileRef = CE98E04621AFA9AF00263CBF /* ViewController.m */; };
		CE98E04A21AFA9AF00263CBF /* Main.storyboard in Resources */ = {isa = PBXBuildFile; fileRef = CE98E04821AFA9AF00263CBF /* Main.storyboard */; };
		CE98E04C21AFA9AF00263CBF /* Assets.xcassets in Resources */ = {isa = PBXBuildFile; fileRef = CE98E04B21AFA9AF00263CBF /* Assets.xcassets */; };
		CE98E04F21AFA9AF00263CBF /* LaunchScreen.storyboard in Resources */ = {isa = PBXBuildFile; fileRef = CE98E04D21AFA9AF00263CBF /* LaunchScreen.storyboard */; };
		CE98E05221AFA9AF00263CBF /* main.m in Sources */ = {isa = PBXBuildFile; fileRef = CE98E05121AFA9AF00263CBF /* main.m */; };
/* End PBXBuildFile section */

/* Begin PBXFileReference section */
		CE98E03F21AFA9AF00263CBF /* PractiseObjC.app */ = {isa = PBXFileReference; explicitFileType = wrapper.application; includeInIndex = 0; path = PractiseObjC.app; sourceTree = BUILT_PRODUCTS_DIR; };
		CE98E04221AFA9AF00263CBF /* AppDelegate.h */ = {isa = PBXFileReference; lastKnownFileType = sourcecode.c.h; path = AppDelegate.h; sourceTree = "<group>"; };
		CE98E04321AFA9AF00263CBF /* AppDelegate.m */ = {isa = PBXFileReference; lastKnownFileType = sourcecode.c.objc; path = AppDelegate.m; sourceTree = "<group>"; };
		CE98E04521AFA9AF00263CBF /* ViewController.h */ = {isa = PBXFileReference; lastKnownFileType = sourcecode.c.h; path = ViewController.h; sourceTree = "<group>"; };
		CE98E04621AFA9AF00263CBF /* ViewController.m */ = {isa = PBXFileReference; lastKnownFileType = sourcecode.c.objc; path = ViewController.m; sourceTree = "<group>"; };
		CE98E04921AFA9AF00263CBF /* Base */ = {isa = PBXFileReference; lastKnownFileType = file.storyboard; name = Base; path = Base.lproj/Main.storyboard; sourceTree = "<group>"; };
		CE98E04B21AFA9AF00263CBF /* Assets.xcassets */ = {isa = PBXFileReference; lastKnownFileType = folder.assetcatalog; path = Assets.xcassets; sourceTree = "<group>"; };
		CE98E04E21AFA9AF00263CBF /* Base */ = {isa = PBXFileReference; lastKnownFileType = file.storyboard; name = Base; path = Base.lproj/LaunchScreen.storyboard; sourceTree = "<group>"; };
		CE98E05021AFA9AF00263CBF /* Info.plist */ = {isa = PBXFileReference; lastKnownFileType = text.plist.xml; path = Info.plist; sourceTree = "<group>"; };
		CE98E05121AFA9AF00263CBF /* main.m */ = {isa = PBXFileReference; lastKnownFileType = sourcecode.c.objc; path = main.m; sourceTree = "<group>"; };
/* End PBXFileReference section */

/* Begin PBXFrameworksBuildPhase section */
		CE98E03C21AFA9AF00263CBF /* Frameworks */ = {
			isa = PBXFrameworksBuildPhase;
			buildActionMask = 2147483647;
			files = (
			);
			runOnlyForDeploymentPostprocessing = 0;
		};
/* End PBXFrameworksBuildPhase section */

/* Begin PBXGroup section */
		CE98E03621AFA9AF00263CBF = {
			isa = PBXGroup;
			children = (
				CE98E04121AFA9AF00263CBF /* PractiseObjC */,
				CE98E04021AFA9AF00263CBF /* Products */,
			);
			sourceTree = "<group>";
		};
		CE98E04021AFA9AF00263CBF /* Products */ = {
			isa = PBXGroup;
			children = (
				CE98E03F21AFA9AF00263CBF /* PractiseObjC.app */,
			);
			name = Products;
			sourceTree = "<group>";
		};
		CE98E04121AFA9AF00263CBF /* PractiseObjC */ = {
			isa = PBXGroup;
			children = (
				CE98E04221AFA9AF00263CBF /* AppDelegate.h */,
				CE98E04321AFA9AF00263CBF /* AppDelegate.m */,
				CE98E04521AFA9AF00263CBF /* ViewController.h */,
				CE98E04621AFA9AF00263CBF /* ViewController.m */,
				CE98E04821AFA9AF00263CBF /* Main.storyboard */,
				CE98E04B21AFA9AF00263CBF /* Assets.xcassets */,
				CE98E04D21AFA9AF00263CBF /* LaunchScreen.storyboard */,
				CE98E05021AFA9AF00263CBF /* Info.plist */,
				CE98E05121AFA9AF00263CBF /* main.m */,
			);
			path = PractiseObjC;
			sourceTree = "<group>";
		};
/* End PBXGroup section */

/* Begin PBXNativeTarget section */
		CE98E03E21AFA9AF00263CBF /* PractiseObjC */ = {
			isa = PBXNativeTarget;
			buildConfigurationList = CE98E05521AFA9AF00263CBF /* Build configuration list for PBXNativeTarget "PractiseObjC" */;
			buildPhases = (
				CE98E03B21AFA9AF00263CBF /* Sources */,
				CE98E03C21AFA9AF00263CBF /* Frameworks */,
				CE98E03D21AFA9AF00263CBF /* Resources */,
			);
			buildRules = (
			);
			dependencies = (
			);
			name = PractiseObjC;
			productName = PractiseObjC;
			productReference = CE98E03F21AFA9AF00263CBF /* PractiseObjC.app */;
			productType = "com.apple.product-type.application";
		};
/* End PBXNativeTarget section */

/* Begin PBXProject section */
		CE98E03721AFA9AF00263CBF /* Project object */ = {
			isa = PBXProject;
			attributes = {
				LastUpgradeCheck = 0900;
				ORGANIZATIONNAME = "Sunny Chowdhury";
				TargetAttributes = {
					CE98E03E21AFA9AF00263CBF = {
						CreatedOnToolsVersion = 9.0;
						ProvisioningStyle = Automatic;
					};
				};
			};
			buildConfigurationList = CE98E03A21AFA9AF00263CBF /* Build configuration list for PBXProject "PractiseObjC" */;
			compatibilityVersion = "Xcode 8.0";
			developmentRegion = en;
			hasScannedForEncodings = 0;
			knownRegions = (
				en,
				Base,
			);
			mainGroup = CE98E03621AFA9AF00263CBF;
			productRefGroup = CE98E04021AFA9AF00263CBF /* Products */;
			projectDirPath = "";
			projectRoot = "";
			targets = (
				CE98E03E21AFA9AF00263CBF /* PractiseObjC */,
			);
		};
/* End PBXProject section */

/* Begin PBXResourcesBuildPhase section */
		CE98E03D21AFA9AF00263CBF /* Resources */ = {
			isa = PBXResourcesBuildPhase;
			buildActionMask = 2147483647;
			files = (
				CE98E04F21AFA9AF00263CBF /* LaunchScreen.storyboard in Resources */,
				CE98E04C21AFA9AF00263CBF /* Assets.xcassets in Resources */,
				CE98E04A21AFA9AF00263CBF /* Main.storyboard in Resources */,
			);
			runOnlyForDeploymentPostprocessing = 0;
		};
/* End PBXResourcesBuildPhase section */

/* Begin PBXSourcesBuildPhase section */
		CE98E03B21AFA9AF00263CBF /* Sources */ = {
			isa = PBXSourcesBuildPhase;
			buildActionMask = 2147483647;
			files = (
				CE98E04721AFA9AF00263CBF /* ViewController.m in Sources */,
				CE98E05221AFA9AF00263CBF /* main.m in Sources */,
				CE98E04421AFA9AF00263CBF /* AppDelegate.m in Sources */,
			);
			runOnlyForDeploymentPostprocessing = 0;
		};
/* End PBXSourcesBuildPhase section */

/* Begin PBXVariantGroup section */
		CE98E04821AFA9AF00263CBF /* Main.storyboard */ = {
			isa = PBXVariantGroup;
			children = (
				CE98E04921AFA9AF00263CBF /* Base */,
			);
			name = Main.storyboard;
			sourceTree = "<group>";
		};
		CE98E04D21AFA9AF00263CBF /* LaunchScreen.storyboard */ = {
			isa = PBXVariantGroup;
			children = (
				CE98E04E21AFA9AF00263CBF /* Base */,
			);
			name = LaunchScreen.storyboard;
			sourceTree = "<group>";
		};
/* End PBXVariantGroup section */

/* Begin XCBuildConfiguration section */
		CE98E05321AFA9AF00263CBF /* Debug */ = {
			isa = XCBuildConfiguration;
			buildSettings = {
				ALWAYS_SEARCH_USER_PATHS = NO;
				CLANG_ANALYZER_NONNULL = YES;
				CLANG_ANALYZER_NUMBER_OBJECT_CONVERSION = YES_AGGRESSIVE;
				CLANG_CXX_LANGUAGE_STANDARD = "gnu++14";
				CLANG_CXX_LIBRARY = "libc++";
				CLANG_ENABLE_MODULES = YES;
				CLANG_ENABLE_OBJC_ARC = YES;
				CLANG_WARN_BLOCK_CAPTURE_AUTORELEASING = YES;
				CLANG_WARN_BOOL_CONVERSION = YES;
				CLANG_WARN_COMMA = YES;
				CLANG_WARN_CONSTANT_CONVERSION = YES;
				CLANG_WARN_DIRECT_OBJC_ISA_USAGE = YES_ERROR;
				CLANG_WARN_DOCUMENTATION_COMMENTS = YES;
				CLANG_WARN_EMPTY_BODY = YES;
				CLANG_WARN_ENUM_CONVERSION = YES;
				CLANG_WARN_INFINITE_RECURSION = YES;
				CLANG_WARN_INT_CONVERSION = YES;
				CLANG_WARN_NON_LITERAL_NULL_CONVERSION = YES;
				CLANG_WARN_OBJC_LITERAL_CONVERSION = YES;
				CLANG_WARN_OBJC_ROOT_CLASS = YES_ERROR;
				CLANG_WARN_RANGE_LOOP_ANALYSIS = YES;
				CLANG_WARN_STRICT_PROTOTYPES = YES;
				CLANG_WARN_SUSPICIOUS_MOVE = YES;
				CLANG_WARN_UNGUARDED_AVAILABILITY = YES_AGGRESSIVE;
				CLANG_WARN_UNREACHABLE_CODE = YES;
				CLANG_WARN__DUPLICATE_METHOD_MATCH = YES;
				CODE_SIGN_IDENTITY = "iPhone Developer";
				COPY_PHASE_STRIP = NO;
				DEBUG_INFORMATION_FORMAT = dwarf;
				ENABLE_STRICT_OBJC_MSGSEND = YES;
				ENABLE_TESTABILITY = YES;
				GCC_C_LANGUAGE_STANDARD = gnu11;
				GCC_DYNAMIC_NO_PIC = NO;
				GCC_NO_COMMON_BLOCKS = YES;
				GCC_OPTIMIZATION_LEVEL = 0;
				GCC_PREPROCESSOR_DEFINITIONS = (
					"DEBUG=1",
					"$(inherited)",
				);
				GCC_WARN_64_TO_32_BIT_CONVERSION = YES;
				GCC_WARN_ABOUT_RETURN_TYPE = YES_ERROR;
				GCC_WARN_UNDECLARED_SELECTOR = YES;
				GCC_WARN_UNINITIALIZED_AUTOS = YES_AGGRESSIVE;
				GCC_WARN_UNUSED_FUNCTION = YES;
				GCC_WARN_UNUSED_VARIABLE = YES;
				IPHONEOS_DEPLOYMENT_TARGET = 11.0;
				MTL_ENABLE_DEBUG_INFO = YES;
				ONLY_ACTIVE_ARCH = YES;
				SDKROOT = iphoneos;
			};
			name = Debug;
		};
		CE98E05421AFA9AF00263CBF /* Release */ = {
			isa = XCBuildConfiguration;
			buildSettings = {
				ALWAYS_SEARCH_USER_PATHS = NO;
				CLANG_ANALYZER_NONNULL = YES;
				CLANG_ANALYZER_NUMBER_OBJECT_CONVERSION = YES_AGGRESSIVE;
				CLANG_CXX_LANGUAGE_STANDARD = "gnu++14";
				CLANG_CXX_LIBRARY = "libc++";
				CLANG_ENABLE_MODULES = YES;
				CLANG_ENABLE_OBJC_ARC = YES;
				CLANG_WARN_BLOCK_CAPTURE_AUTORELEASING = YES;
				CLANG_WARN_BOOL_CONVERSION = YES;
				CLANG_WARN_COMMA = YES;
				CLANG_WARN_CONSTANT_CONVERSION = YES;
				CLANG_WARN_DIRECT_OBJC_ISA_USAGE = YES_ERROR;
				CLANG_WARN_DOCUMENTATION_COMMENTS = YES;
				CLANG_WARN_EMPTY_BODY = YES;
				CLANG_WARN_ENUM_CONVERSION = YES;
				CLANG_WARN_INFINITE_RECURSION = YES;
				CLANG_WARN_INT_CONVERSION = YES;
				CLANG_WARN_NON_LITERAL_NULL_CONVERSION = YES;
				CLANG_WARN_OBJC_LITERAL_CONVERSION = YES;
				CLANG_WARN_OBJC_ROOT_CLASS = YES_ERROR;
				CLANG_WARN_RANGE_LOOP_ANALYSIS = YES;
				CLANG_WARN_STRICT_PROTOTYPES = YES;
				CLANG_WARN_SUSPICIOUS_MOVE = YES;
				CLANG_WARN_UNGUARDED_AVAILABILITY = YES_AGGRESSIVE;
				CLANG_WARN_UNREACHABLE_CODE = YES;
				CLANG_WARN__DUPLICATE_METHOD_MATCH = YES;
				CODE_SIGN_IDENTITY = "iPhone Developer";
				COPY_PHASE_STRIP = NO;
				DEBUG_INFORMATION_FORMAT = "dwarf-with-dsym";
				ENABLE_NS_ASSERTIONS = NO;
				ENABLE_STRICT_OBJC_MSGSEND = YES;
				GCC_C_LANGUAGE_STANDARD = gnu11;
				GCC_NO_COMMON_BLOCKS = YES;
				GCC_WARN_64_TO_32_BIT_CONVERSION = YES;
				GCC_WARN_ABOUT_RETURN_TYPE = YES_ERROR;
				GCC_WARN_UNDECLARED_SELECTOR = YES;
				GCC_WARN_UNINITIALIZED_AUTOS = YES_AGGRESSIVE;
				GCC_WARN_UNUSED_FUNCTION = YES;
				GCC_WARN_UNUSED_VARIABLE = YES;
				IPHONEOS_DEPLOYMENT_TARGET = 11.0;
				MTL_ENABLE_DEBUG_INFO = NO;
				SDKROOT = iphoneos;
				VALIDATE_PRODUCT = YES;
			};
			name = Release;
		};
		CE98E05621AFA9AF00263CBF /* Debug */ = {
			isa = XCBuildConfiguration;
			buildSettings = {
				ASSETCATALOG_COMPILER_APPICON_NAME = AppIcon;
				CODE_SIGN_STYLE = Automatic;
				DEVELOPMENT_TEAM = F439X7F2DY;
				INFOPLIST_FILE = PractiseObjC/Info.plist;
				LD_RUNPATH_SEARCH_PATHS = "$(inherited) @executable_path/Frameworks";
				PRODUCT_BUNDLE_IDENTIFIER = com.3SKLab.PractiseObjC;
				PRODUCT_NAME = "$(TARGET_NAME)";
				TARGETED_DEVICE_FAMILY = "1,2";
			};
			name = Debug;
		};
		CE98E05721AFA9AF00263CBF /* Release */ = {
			isa = XCBuildConfiguration;
			buildSettings = {
				ASSETCATALOG_COMPILER_APPICON_NAME = AppIcon;
				CODE_SIGN_STYLE = Automatic;
				DEVELOPMENT_TEAM = F439X7F2DY;
				INFOPLIST_FILE = PractiseObjC/Info.plist;
				LD_RUNPATH_SEARCH_PATHS = "$(inherited) @executable_path/Frameworks";
				PRODUCT_BUNDLE_IDENTIFIER = com.3SKLab.PractiseObjC;
				PRODUCT_NAME = "$(TARGET_NAME)";
				TARGETED_DEVICE_FAMILY = "1,2";
			};
			name = Release;
		};
/* End XCBuildConfiguration section */

/* Begin XCConfigurationList section */
		CE98E03A21AFA9AF00263CBF /* Build configuration list for PBXProject "PractiseObjC" */ = {
			isa = XCConfigurationList;
			buildConfigurations = (
				CE98E05321AFA9AF00263CBF /* Debug */,
				CE98E05421AFA9AF00263CBF /* Release */,
			);
			defaultConfigurationIsVisible = 0;
			defaultConfigurationName = Release;
		};
		CE98E05521AFA9AF00263CBF /* Build configuration list for PBXNativeTarget "PractiseObjC" */ = {
			isa = XCConfigurationList;
			buildConfigurations = (
				CE98E05621AFA9AF00263CBF /* Debug */,
				CE98E05721AFA9AF00263CBF /* Release */,
			);
			defaultConfigurationIsVisible = 0;
			defaultConfigurationName = Release;
		};
/* End XCConfigurationList section */
	};
	rootObject = CE98E03721AFA9AF00263CBF /* Project object */;
}
